
Microsoft Visual Studio Solution File, Format Version 12.00
# Visual Studio Version 16
VisualStudioVersion = 16.0.30907.101
MinimumVisualStudioVersion = 10.0.40219.1
Project("{FAE04EC0-301F-11D3-BF4B-00C04F79EFBC}") = "InstallAPK", "InstallAPK\InstallAPK.csproj", "{3E460E13-4ED9-4D9B-AF9A-F811A92ACFD6}"
EndProject
Global
	GlobalSection(SolutionConfigurationPlatforms) = preSolution
		Debug|Any CPU = Debug|Any CPU
		Release|Any CPU = Release|Any CPU
	EndGlobalSection
	GlobalSection(ProjectConfigurationPlatforms) = postSolution
		{3E460E13-4ED9-4D9B-AF9A-F811A92ACFD6}.Debug|Any CPU.ActiveCfg = Debug|Any CPU
		{3E460E13-4ED9-4D9B-AF9A-F811A92ACFD6}.Debug|Any CPU.Build.0 = Debug|Any CPU
		{3E460E13-4ED9-4D9B-AF9A-F811A92ACFD6}.Release|Any CPU.ActiveCfg = Release|Any CPU
		{3E460E13-4ED9-4D9B-AF9A-F811A92ACFD6}.Release|Any CPU.Build.0 = Release|Any CPU
	EndGlobalSection
	GlobalSection(SolutionProperties) = preSolution
		HideSolutionNode = FALSE
	EndGlobalSection
	GlobalSection(ExtensibilityGlobals) = postSolution
		SolutionGuid = {F84086EB-C41D-49D9-A9A2-B5BEBE89C406}
	EndGlobalSection
EndGlobal
